
Microsoft Visual Studio Solution File, Format Version 12.00
# Visual Studio Version 17
VisualStudioVersion = 17.4.33205.214
MinimumVisualStudioVersion = 10.0.40219.1
Project("{9A19103F-16F7-4668-BE54-9A1E7A4F7556}") = "Opc.Ua.Server", "Opc.Ua.Server\Opc.Ua.Server.csproj", "{9A8FFA37-56C5-40B4-86E6-05824F2CF145}"
EndProject
Global
	GlobalSection(SolutionConfigurationPlatforms) = preSolution
		Debug|Any CPU = Debug|Any CPU
		Release|Any CPU = Release|Any CPU
	EndGlobalSection
	GlobalSection(ProjectConfigurationPlatforms) = postSolution
		{9A8FFA37-56C5-40B4-86E6-05824F2CF145}.Debug|Any CPU.ActiveCfg = Debug|Any CPU
		{9A8FFA37-56C5-40B4-86E6-05824F2CF145}.Debug|Any CPU.Build.0 = Debug|Any CPU
		{9A8FFA37-56C5-40B4-86E6-05824F2CF145}.Release|Any CPU.ActiveCfg = Release|Any CPU
		{9A8FFA37-56C5-40B4-86E6-05824F2CF145}.Release|Any CPU.Build.0 = Release|Any CPU
	EndGlobalSection
	GlobalSection(SolutionProperties) = preSolution
		HideSolutionNode = FALSE
	EndGlobalSection
	GlobalSection(ExtensibilityGlobals) = postSolution
		SolutionGuid = {ED5EFA0B-8579-4DD1-962E-417363D7C77E}
	EndGlobalSection
EndGlobal
